
Microsoft Visual Studio Solution File, Format Version 12.00
# Visual Studio Version 17
VisualStudioVersion = 17.8.34322.80
MinimumVisualStudioVersion = 10.0.40219.1
Project("{FAE04EC0-301F-11D3-BF4B-00C04F79EFBC}") = "Portafolio", "Portafolio\Portafolio.csproj", "{F56C53D0-CEE1-454B-B637-F3BD386A9CFA}"
EndProject
Global
	GlobalSection(SolutionConfigurationPlatforms) = preSolution
		Debug|Any CPU = Debug|Any CPU
		Release|Any CPU = Release|Any CPU
	EndGlobalSection
	GlobalSection(ProjectConfigurationPlatforms) = postSolution
		{F56C53D0-CEE1-454B-B637-F3BD386A9CFA}.Debug|Any CPU.ActiveCfg = Debug|Any CPU
		{F56C53D0-CEE1-454B-B637-F3BD386A9CFA}.Debug|Any CPU.Build.0 = Debug|Any CPU
		{F56C53D0-CEE1-454B-B637-F3BD386A9CFA}.Release|Any CPU.ActiveCfg = Release|Any CPU
		{F56C53D0-CEE1-454B-B637-F3BD386A9CFA}.Release|Any CPU.Build.0 = Release|Any CPU
	EndGlobalSection
	GlobalSection(SolutionProperties) = preSolution
		HideSolutionNode = FALSE
	EndGlobalSection
	GlobalSection(ExtensibilityGlobals) = postSolution
		SolutionGuid = {A18F4C6A-7762-4851-98C1-5A3B11EE5616}
	EndGlobalSection
EndGlobal
